
Microsoft Visual Studio Solution File, Format Version 12.00
# Visual Studio Version 17
VisualStudioVersion = 17.6.33723.286
MinimumVisualStudioVersion = 10.0.40219.1
Project("{FAE04EC0-301F-11D3-BF4B-00C04F79EFBC}") = "TaskManager", "TaskManager\TaskManager.csproj", "{73E09E88-3894-437F-AEA9-F8F0F2D25C22}"
EndProject
Global
	GlobalSection(SolutionConfigurationPlatforms) = preSolution
		Debug|Any CPU = Debug|Any CPU
		Release|Any CPU = Release|Any CPU
	EndGlobalSection
	GlobalSection(ProjectConfigurationPlatforms) = postSolution
		{73E09E88-3894-437F-AEA9-F8F0F2D25C22}.Debug|Any CPU.ActiveCfg = Debug|Any CPU
		{73E09E88-3894-437F-AEA9-F8F0F2D25C22}.Debug|Any CPU.Build.0 = Debug|Any CPU
		{73E09E88-3894-437F-AEA9-F8F0F2D25C22}.Release|Any CPU.ActiveCfg = Release|Any CPU
		{73E09E88-3894-437F-AEA9-F8F0F2D25C22}.Release|Any CPU.Build.0 = Release|Any CPU
	EndGlobalSection
	GlobalSection(SolutionProperties) = preSolution
		HideSolutionNode = FALSE
	EndGlobalSection
	GlobalSection(ExtensibilityGlobals) = postSolution
		SolutionGuid = {E7415B8C-1D92-4BD5-BF36-8E5A04C4D8AC}
	EndGlobalSection
EndGlobal
